NeoBundleLock Dockerfile.vim 7bc5525a5fc2805dc26ea46e3f8c5583172658df
NeoBundleLock FuzzyFinder b9f165970346df55862853dd83c8a4f2b2b70262
NeoBundleLock Jenkinsfile-vim-syntax e3d2e19ad1c8f79872380901c0392c2671757831
NeoBundleLock L9 c822b05ee0886f9a9703227dc85a6d47612c4bf1
NeoBundleLock Vim-Jinja2-Syntax db595ffa54d7f1c939bcf793055e08dc2b2e9eac
NeoBundleLock VimClojure 2a17c249571395a7f45523d38cac6a9326ecf8f1
NeoBundleLock YankRing.vim 28854abef8fa4ebd3cb219aefcf22566997d8f65
NeoBundleLock bufexplorer.zip ba43ab7344ad019da8d2c63f3150fbc325c22c37
NeoBundleLock mru.vim 9f25db66393a6467fae0ac04ae6565e8471023c3
NeoBundleLock neobundle.vim 88951d60547595606ea0ca8f28f643d2506f2714
NeoBundleLock nginx.vim 152bbb2dc00c2df37049ccf75f68f294208c72cb
NeoBundleLock salt-vim 5b15d379fbcbb84f82c6a345abc08cea9d374be9
NeoBundleLock sparkup d400a570bf64b0c216aa7c8e1795820b911a7404
NeoBundleLock unite.vim be09b0e5784c4c4c13aefae4f16313696c6f51de
NeoBundleLock vim-airline 7df411d59b71e8950954a7cb981e8b7c902e8b0d
NeoBundleLock vim-bufferline 651fd010aa9613a4b8636a4af8a2db0d22800262
NeoBundleLock vim-coffee-script 72f48c3f9bb6ba4f9ba1e6e4933c2c25686a1b62
NeoBundleLock vim-colors-solarized 528a59f26d12278698bb946f8fb82a63711eec21
NeoBundleLock vim-fugitive 444ba9fda5d05aa14c7e8664fa4a66a59c62a550
NeoBundleLock vim-go 1425decf6d4e1b313955cefe08c859d07c2c2822
NeoBundleLock vim-json f5e3181d0b33a9c51377bb7ea8492feddca8b503
NeoBundleLock vim-less 6e818d5614d5fc18d95a48c92b89e6db39f9e3d6
NeoBundleLock vim-markdown 3c2215bfed1de1251927fbc94b2631ca27c2958f
NeoBundleLock vim-scala a6a350f7c632d0e640b57f9dcc7e123409a7bcd7
NeoBundleLock vimproc 25cb83f24edec4aec1e9f1329302235e7a7a7fe0
