NeoBundleLock Dockerfile.vim 2a3a2829b5b5ddb03e9517ee3caa907f444b71fe
NeoBundleLock FuzzyFinder b9f165970346df55862853dd83c8a4f2b2b70262
NeoBundleLock L9 c822b05ee0886f9a9703227dc85a6d47612c4bf1
NeoBundleLock VimClojure 2a17c249571395a7f45523d38cac6a9326ecf8f1
NeoBundleLock YankRing.vim a884f3a161fa3cd8c996eb53a3d1c68631f60c21
NeoBundleLock bufexplorer.zip ba43ab7344ad019da8d2c63f3150fbc325c22c37
NeoBundleLock command-t 13760a725779b65fa0f2ebef51806f3c05a52550
NeoBundleLock mru.vim 9f25db66393a6467fae0ac04ae6565e8471023c3
NeoBundleLock neobundle.vim b76ec05d2330aef2fbbcdc58f98c49e94f5ffdbd
NeoBundleLock nginx.vim 152bbb2dc00c2df37049ccf75f68f294208c72cb
NeoBundleLock sparkup b1b4374def210ec54ace524fe70503a44d05d6de
NeoBundleLock unite.vim 68a0485a9590ec7a587286d8ad5abb0208d39a4f
NeoBundleLock vim-airline f45ecdac15d99ed2354873a8b4d40432fd0a85a3
NeoBundleLock vim-bufferline c595cbb2478c4ecde633d3ccb9be7260ca86aa39
NeoBundleLock vim-coffee-script 827e4a38b07479433b619091469a7495a392df8a
NeoBundleLock vim-colors-solarized 528a59f26d12278698bb946f8fb82a63711eec21
NeoBundleLock vim-fugitive 0095769029709b531d2505ee6ad9907dd9bd72a0
NeoBundleLock vim-golang e6d0c6a72a66af2674b96233c4747661e0f47a8c
NeoBundleLock vim-json a30c02763256e085cd84a99a7de6080c2825f490
NeoBundleLock vim-less 902870b38df5f22803532141f11a82c74bed5ab5
NeoBundleLock vim-markdown 409c37b205afa2f9d590e23de8171482d66770e2
NeoBundleLock vim-scala 71ada50fc5e2b3c9fdbdb75835a218d2c245efec
NeoBundleLock vimproc 0f68bcd93399ecbcde3eaa4efd09107314c9bdee
